
Microsoft Visual Studio Solution File, Format Version 12.00
# Visual Studio Version 16
VisualStudioVersion = 16.0.31025.194
MinimumVisualStudioVersion = 10.0.40219.1
Project("{FAE04EC0-301F-11D3-BF4B-00C04F79EFBC}") = "ParentesisBalenceados", "ParentesisBalenceados\ParentesisBalenceados.csproj", "{4E7A001C-437A-46B1-A7E4-E3B9325CDA0D}"
EndProject
Project("{FAE04EC0-301F-11D3-BF4B-00C04F79EFBC}") = "parentesisBalenceados.Tests", "parentesisBalenceados.Tests\parentesisBalenceados.Tests.csproj", "{3A6A5CD5-2DD1-45AE-B9C3-A86F2C6A30C6}"
EndProject
Global
	GlobalSection(SolutionConfigurationPlatforms) = preSolution
		Debug|Any CPU = Debug|Any CPU
		Release|Any CPU = Release|Any CPU
	EndGlobalSection
	GlobalSection(ProjectConfigurationPlatforms) = postSolution
		{4E7A001C-437A-46B1-A7E4-E3B9325CDA0D}.Debug|Any CPU.ActiveCfg = Debug|Any CPU
		{4E7A001C-437A-46B1-A7E4-E3B9325CDA0D}.Debug|Any CPU.Build.0 = Debug|Any CPU
		{4E7A001C-437A-46B1-A7E4-E3B9325CDA0D}.Release|Any CPU.ActiveCfg = Release|Any CPU
		{4E7A001C-437A-46B1-A7E4-E3B9325CDA0D}.Release|Any CPU.Build.0 = Release|Any CPU
		{3A6A5CD5-2DD1-45AE-B9C3-A86F2C6A30C6}.Debug|Any CPU.ActiveCfg = Debug|Any CPU
		{3A6A5CD5-2DD1-45AE-B9C3-A86F2C6A30C6}.Debug|Any CPU.Build.0 = Debug|Any CPU
		{3A6A5CD5-2DD1-45AE-B9C3-A86F2C6A30C6}.Release|Any CPU.ActiveCfg = Release|Any CPU
		{3A6A5CD5-2DD1-45AE-B9C3-A86F2C6A30C6}.Release|Any CPU.Build.0 = Release|Any CPU
	EndGlobalSection
	GlobalSection(SolutionProperties) = preSolution
		HideSolutionNode = FALSE
	EndGlobalSection
	GlobalSection(ExtensibilityGlobals) = postSolution
		SolutionGuid = {B4F8A9C3-4108-48D5-907D-2CFBFB3B67C9}
	EndGlobalSection
EndGlobal
